
Microsoft Visual Studio Solution File, Format Version 12.00
# Visual Studio 2013
VisualStudioVersion = 12.0.40629.0
MinimumVisualStudioVersion = 10.0.40219.1
Project("{FAE04EC0-301F-11D3-BF4B-00C04F79EFBC}") = "Vidly", "Vidly\Vidly.csproj", "{6E52995D-EFB5-4F9B-8658-A9CDD48CFECA}"
EndProject
Global
	GlobalSection(SolutionConfigurationPlatforms) = preSolution
		Debug|Any CPU = Debug|Any CPU
		Release|Any CPU = Release|Any CPU
		Testing|Any CPU = Testing|Any CPU
	EndGlobalSection
	GlobalSection(ProjectConfigurationPlatforms) = postSolution
		{6E52995D-EFB5-4F9B-8658-A9CDD48CFECA}.Debug|Any CPU.ActiveCfg = Debug|Any CPU
		{6E52995D-EFB5-4F9B-8658-A9CDD48CFECA}.Debug|Any CPU.Build.0 = Debug|Any CPU
		{6E52995D-EFB5-4F9B-8658-A9CDD48CFECA}.Release|Any CPU.ActiveCfg = Release|Any CPU
		{6E52995D-EFB5-4F9B-8658-A9CDD48CFECA}.Release|Any CPU.Build.0 = Release|Any CPU
		{6E52995D-EFB5-4F9B-8658-A9CDD48CFECA}.Testing|Any CPU.ActiveCfg = Testing|Any CPU
		{6E52995D-EFB5-4F9B-8658-A9CDD48CFECA}.Testing|Any CPU.Build.0 = Testing|Any CPU
	EndGlobalSection
	GlobalSection(SolutionProperties) = preSolution
		HideSolutionNode = FALSE
	EndGlobalSection
EndGlobal
